
Microsoft Visual Studio Solution File, Format Version 12.00
# Visual Studio Version 17
VisualStudioVersion = 17.6.33829.357
MinimumVisualStudioVersion = 10.0.40219.1
Project("{FAE04EC0-301F-11D3-BF4B-00C04F79EFBC}") = "RestService", "RestService.csproj", "{8782EC65-9F2C-4FB0-8975-FB581DD1F69A}"
EndProject
Global
	GlobalSection(SolutionConfigurationPlatforms) = preSolution
		Debug|Any CPU = Debug|Any CPU
		Release|Any CPU = Release|Any CPU
	EndGlobalSection
	GlobalSection(ProjectConfigurationPlatforms) = postSolution
		{8782EC65-9F2C-4FB0-8975-FB581DD1F69A}.Debug|Any CPU.ActiveCfg = Debug|Any CPU
		{8782EC65-9F2C-4FB0-8975-FB581DD1F69A}.Debug|Any CPU.Build.0 = Debug|Any CPU
		{8782EC65-9F2C-4FB0-8975-FB581DD1F69A}.Release|Any CPU.ActiveCfg = Release|Any CPU
		{8782EC65-9F2C-4FB0-8975-FB581DD1F69A}.Release|Any CPU.Build.0 = Release|Any CPU
	EndGlobalSection
	GlobalSection(SolutionProperties) = preSolution
		HideSolutionNode = FALSE
	EndGlobalSection
	GlobalSection(ExtensibilityGlobals) = postSolution
		SolutionGuid = {2F1D06BB-25C4-4CAB-8C44-5995728BE780}
	EndGlobalSection
EndGlobal
